{
  "name": "@vue-storefront/theme-default",
  "version": "1.12.1",
  "lockfileVersion": 1,
  "requires": true,
  "dependencies": {
    "vue-lazyload": {
      "version": "1.3.3",
      "resolved": "https://registry.npmjs.org/vue-lazyload/-/vue-lazyload-1.3.3.tgz",
      "integrity": "sha512-uHnq0FTEeNmqnbBC2aRKlmtd9LofMZ6Q3mWvgfLa+i9vhxU8fDK+nGs9c1iVT85axSua/AUnMttIq3xPaU9G3A=="
    }
  }
}
